schema: '2.0'
stages:
  preprocess:
    cmd: python src/data_loader.py
    deps:
    - path: src/data_loader.py
      hash: md5
      md5: 03a5735541fe7ce72a71390b475d754a
      size: 720
  train:
    cmd: python src/train.py
    deps:
    - path: src/train.py
      hash: md5
      md5: a7a0349f0176efff5b6f75f32783046e
      size: 980
    outs:
    - path: models/model.keras
      hash: md5
      md5: 917099a1024748e306649e599f9e12a3
      size: 26900508
