schema: '2.0'
stages:
  preprocess:
    cmd: python src/data_loader.py
    deps:
    - path: src/data_loader.py
      hash: md5
      md5: 03a5735541fe7ce72a71390b475d754a
      size: 720
  train:
    cmd: python src/train.py
    deps:
    - path: src/train.py
      hash: md5
      md5: 497fa9ca480d1f0887aa8fe2738bbdfd
      size: 945
    outs:
    - path: models/model.keras
      hash: md5
      md5: ea05758700fbd65512147948c681c406
      size: 26899484
